
Microsoft Visual Studio Solution File, Format Version 12.00
# Visual Studio Version 17
VisualStudioVersion = 17.8.34511.84
MinimumVisualStudioVersion = 10.0.40219.1
Project("{9A19103F-16F7-4668-BE54-9A1E7A4F7556}") = "AppDeskConnector", "AppDeskConnector\AppDeskConnector.csproj", "{57C3AA98-0DA0-43C2-B1AC-A440E1030CA8}"
EndProject
Project("{9A19103F-16F7-4668-BE54-9A1E7A4F7556}") = "MauiApp1", "MauiApp1\MauiApp1.csproj", "{1D7FBA82-708B-4E4E-9FA8-425A4AE06712}"
EndProject
Project("{9A19103F-16F7-4668-BE54-9A1E7A4F7556}") = "tes", "tes\tes.csproj", "{D1FCCCE9-6737-4955-BBA4-77A3505CD81F}"
EndProject
Project("{9A19103F-16F7-4668-BE54-9A1E7A4F7556}") = "CodxDesk", "CodxDesk\CodxDesk.csproj", "{EFEF62B5-1F6A-4293-A7CA-7ADA2A759B60}"
EndProject
Project("{9A19103F-16F7-4668-BE54-9A1E7A4F7556}") = "CodxDesk.Services", "CodxDesk.Services\CodxDesk.Services.csproj", "{7DB76F82-AC00-4375-8A9F-E86C5C028CC7}"
EndProject
Project("{9A19103F-16F7-4668-BE54-9A1E7A4F7556}") = "CodxDesk.WinUI", "CodxDesk.WinUI\CodxDesk.WinUI.csproj", "{0411F6A6-39F2-452E-A160-DAA2D3D4532E}"
EndProject
Project("{9A19103F-16F7-4668-BE54-9A1E7A4F7556}") = "MauiApp2", "MauiApp2\MauiApp2.csproj", "{D0776394-B7F8-4D3F-9CD5-2FEBC4F981C5}"
EndProject
Project("{9A19103F-16F7-4668-BE54-9A1E7A4F7556}") = "test", "test\test.csproj", "{745E43BD-92AF-4F5B-A1ED-8F22DD7EFA9E}"
EndProject
Project("{2150E333-8FDC-42A3-9474-1A3956D46DE8}") = "Libs", "Libs", "{47CD8193-8773-4854-B16C-35ADEF844D3E}"
EndProject
Project("{2150E333-8FDC-42A3-9474-1A3956D46DE8}") = "Apps", "Apps", "{1E0F60A3-714E-4348-A15D-80DA017C9639}"
EndProject
Project("{9A19103F-16F7-4668-BE54-9A1E7A4F7556}") = "CodxDesk", "Apps\CodxDesk\CodxDesk.csproj", "{B2A01107-1CC2-495D-98DE-8174158AAA89}"
EndProject
Project("{2150E333-8FDC-42A3-9474-1A3956D46DE8}") = "tailoring", "tailoring", "{0FA8A00D-4652-4C91-B0F6-546481AE0B20}"
EndProject
Project("{9A19103F-16F7-4668-BE54-9A1E7A4F7556}") = "WeatherTwentyOne", "tailoring\WeatherTwentyOne.csproj", "{923B4943-BACE-4183-8537-ACADD7BD8C3B}"
EndProject
Project("{2150E333-8FDC-42A3-9474-1A3956D46DE8}") = "NewFolder1", "NewFolder1", "{A1DD9B14-495E-4093-988C-010D6E3CDFA4}"
EndProject
Project("{9A19103F-16F7-4668-BE54-9A1E7A4F7556}") = "UIProviders", "Libs\UIProviders\UIProviders.csproj", "{C5B6298D-7181-4CEA-BD89-8F61D5E449E1}"
EndProject
Project("{9A19103F-16F7-4668-BE54-9A1E7A4F7556}") = "UIWindows", "Libs\UIWindows\UIWindows.csproj", "{0AD5CDDD-BB1E-4D4F-9621-BF6D5F48E920}"
EndProject
Project("{9A19103F-16F7-4668-BE54-9A1E7A4F7556}") = "UIMacOs", "Libs\UIMacOs\UIMacOs.csproj", "{8BDA011C-3DD8-4DE8-8E22-810F91AC3BD9}"
EndProject
Project("{FAE04EC0-301F-11D3-BF4B-00C04F79EFBC}") = "UIImplements", "Libs\UIImplements\UIImplements.csproj", "{59CF054C-B3FE-4866-B31D-9069A803CFF7}"
EndProject
Global
	GlobalSection(SolutionConfigurationPlatforms) = preSolution
		Debug|Any CPU = Debug|Any CPU
		Release|Any CPU = Release|Any CPU
	EndGlobalSection
	GlobalSection(ProjectConfigurationPlatforms) = postSolution
		{57C3AA98-0DA0-43C2-B1AC-A440E1030CA8}.Debug|Any CPU.ActiveCfg = Debug|Any CPU
		{57C3AA98-0DA0-43C2-B1AC-A440E1030CA8}.Debug|Any CPU.Build.0 = Debug|Any CPU
		{57C3AA98-0DA0-43C2-B1AC-A440E1030CA8}.Debug|Any CPU.Deploy.0 = Debug|Any CPU
		{57C3AA98-0DA0-43C2-B1AC-A440E1030CA8}.Release|Any CPU.ActiveCfg = Release|Any CPU
		{57C3AA98-0DA0-43C2-B1AC-A440E1030CA8}.Release|Any CPU.Build.0 = Release|Any CPU
		{57C3AA98-0DA0-43C2-B1AC-A440E1030CA8}.Release|Any CPU.Deploy.0 = Release|Any CPU
		{1D7FBA82-708B-4E4E-9FA8-425A4AE06712}.Debug|Any CPU.ActiveCfg = Debug|Any CPU
		{1D7FBA82-708B-4E4E-9FA8-425A4AE06712}.Debug|Any CPU.Build.0 = Debug|Any CPU
		{1D7FBA82-708B-4E4E-9FA8-425A4AE06712}.Debug|Any CPU.Deploy.0 = Debug|Any CPU
		{1D7FBA82-708B-4E4E-9FA8-425A4AE06712}.Release|Any CPU.ActiveCfg = Release|Any CPU
		{1D7FBA82-708B-4E4E-9FA8-425A4AE06712}.Release|Any CPU.Build.0 = Release|Any CPU
		{1D7FBA82-708B-4E4E-9FA8-425A4AE06712}.Release|Any CPU.Deploy.0 = Release|Any CPU
		{D1FCCCE9-6737-4955-BBA4-77A3505CD81F}.Debug|Any CPU.ActiveCfg = Debug|Any CPU
		{D1FCCCE9-6737-4955-BBA4-77A3505CD81F}.Debug|Any CPU.Build.0 = Debug|Any CPU
		{D1FCCCE9-6737-4955-BBA4-77A3505CD81F}.Release|Any CPU.ActiveCfg = Release|Any CPU
		{D1FCCCE9-6737-4955-BBA4-77A3505CD81F}.Release|Any CPU.Build.0 = Release|Any CPU
		{EFEF62B5-1F6A-4293-A7CA-7ADA2A759B60}.Debug|Any CPU.ActiveCfg = Debug|Any CPU
		{EFEF62B5-1F6A-4293-A7CA-7ADA2A759B60}.Debug|Any CPU.Build.0 = Debug|Any CPU
		{EFEF62B5-1F6A-4293-A7CA-7ADA2A759B60}.Debug|Any CPU.Deploy.0 = Debug|Any CPU
		{EFEF62B5-1F6A-4293-A7CA-7ADA2A759B60}.Release|Any CPU.ActiveCfg = Release|Any CPU
		{EFEF62B5-1F6A-4293-A7CA-7ADA2A759B60}.Release|Any CPU.Build.0 = Release|Any CPU
		{EFEF62B5-1F6A-4293-A7CA-7ADA2A759B60}.Release|Any CPU.Deploy.0 = Release|Any CPU
		{7DB76F82-AC00-4375-8A9F-E86C5C028CC7}.Debug|Any CPU.ActiveCfg = Debug|Any CPU
		{7DB76F82-AC00-4375-8A9F-E86C5C028CC7}.Debug|Any CPU.Build.0 = Debug|Any CPU
		{7DB76F82-AC00-4375-8A9F-E86C5C028CC7}.Release|Any CPU.ActiveCfg = Release|Any CPU
		{7DB76F82-AC00-4375-8A9F-E86C5C028CC7}.Release|Any CPU.Build.0 = Release|Any CPU
		{0411F6A6-39F2-452E-A160-DAA2D3D4532E}.Debug|Any CPU.ActiveCfg = Debug|Any CPU
		{0411F6A6-39F2-452E-A160-DAA2D3D4532E}.Debug|Any CPU.Build.0 = Debug|Any CPU
		{0411F6A6-39F2-452E-A160-DAA2D3D4532E}.Release|Any CPU.ActiveCfg = Release|Any CPU
		{0411F6A6-39F2-452E-A160-DAA2D3D4532E}.Release|Any CPU.Build.0 = Release|Any CPU
		{D0776394-B7F8-4D3F-9CD5-2FEBC4F981C5}.Debug|Any CPU.ActiveCfg = Debug|Any CPU
		{D0776394-B7F8-4D3F-9CD5-2FEBC4F981C5}.Debug|Any CPU.Build.0 = Debug|Any CPU
		{D0776394-B7F8-4D3F-9CD5-2FEBC4F981C5}.Debug|Any CPU.Deploy.0 = Debug|Any CPU
		{D0776394-B7F8-4D3F-9CD5-2FEBC4F981C5}.Release|Any CPU.ActiveCfg = Release|Any CPU
		{D0776394-B7F8-4D3F-9CD5-2FEBC4F981C5}.Release|Any CPU.Build.0 = Release|Any CPU
		{D0776394-B7F8-4D3F-9CD5-2FEBC4F981C5}.Release|Any CPU.Deploy.0 = Release|Any CPU
		{745E43BD-92AF-4F5B-A1ED-8F22DD7EFA9E}.Debug|Any CPU.ActiveCfg = Debug|Any CPU
		{745E43BD-92AF-4F5B-A1ED-8F22DD7EFA9E}.Debug|Any CPU.Build.0 = Debug|Any CPU
		{745E43BD-92AF-4F5B-A1ED-8F22DD7EFA9E}.Debug|Any CPU.Deploy.0 = Debug|Any CPU
		{745E43BD-92AF-4F5B-A1ED-8F22DD7EFA9E}.Release|Any CPU.ActiveCfg = Release|Any CPU
		{745E43BD-92AF-4F5B-A1ED-8F22DD7EFA9E}.Release|Any CPU.Build.0 = Release|Any CPU
		{745E43BD-92AF-4F5B-A1ED-8F22DD7EFA9E}.Release|Any CPU.Deploy.0 = Release|Any CPU
		{B2A01107-1CC2-495D-98DE-8174158AAA89}.Debug|Any CPU.ActiveCfg = Debug|Any CPU
		{B2A01107-1CC2-495D-98DE-8174158AAA89}.Debug|Any CPU.Build.0 = Debug|Any CPU
		{B2A01107-1CC2-495D-98DE-8174158AAA89}.Debug|Any CPU.Deploy.0 = Debug|Any CPU
		{B2A01107-1CC2-495D-98DE-8174158AAA89}.Release|Any CPU.ActiveCfg = Release|Any CPU
		{B2A01107-1CC2-495D-98DE-8174158AAA89}.Release|Any CPU.Build.0 = Release|Any CPU
		{B2A01107-1CC2-495D-98DE-8174158AAA89}.Release|Any CPU.Deploy.0 = Release|Any CPU
		{923B4943-BACE-4183-8537-ACADD7BD8C3B}.Debug|Any CPU.ActiveCfg = Debug|Any CPU
		{923B4943-BACE-4183-8537-ACADD7BD8C3B}.Debug|Any CPU.Build.0 = Debug|Any CPU
		{923B4943-BACE-4183-8537-ACADD7BD8C3B}.Debug|Any CPU.Deploy.0 = Debug|Any CPU
		{923B4943-BACE-4183-8537-ACADD7BD8C3B}.Release|Any CPU.ActiveCfg = Release|Any CPU
		{923B4943-BACE-4183-8537-ACADD7BD8C3B}.Release|Any CPU.Build.0 = Release|Any CPU
		{923B4943-BACE-4183-8537-ACADD7BD8C3B}.Release|Any CPU.Deploy.0 = Release|Any CPU
		{C5B6298D-7181-4CEA-BD89-8F61D5E449E1}.Debug|Any CPU.ActiveCfg = Debug|Any CPU
		{C5B6298D-7181-4CEA-BD89-8F61D5E449E1}.Debug|Any CPU.Build.0 = Debug|Any CPU
		{C5B6298D-7181-4CEA-BD89-8F61D5E449E1}.Release|Any CPU.ActiveCfg = Release|Any CPU
		{C5B6298D-7181-4CEA-BD89-8F61D5E449E1}.Release|Any CPU.Build.0 = Release|Any CPU
		{0AD5CDDD-BB1E-4D4F-9621-BF6D5F48E920}.Debug|Any CPU.ActiveCfg = Debug|Any CPU
		{0AD5CDDD-BB1E-4D4F-9621-BF6D5F48E920}.Debug|Any CPU.Build.0 = Debug|Any CPU
		{0AD5CDDD-BB1E-4D4F-9621-BF6D5F48E920}.Release|Any CPU.ActiveCfg = Release|Any CPU
		{0AD5CDDD-BB1E-4D4F-9621-BF6D5F48E920}.Release|Any CPU.Build.0 = Release|Any CPU
		{8BDA011C-3DD8-4DE8-8E22-810F91AC3BD9}.Debug|Any CPU.ActiveCfg = Debug|Any CPU
		{8BDA011C-3DD8-4DE8-8E22-810F91AC3BD9}.Debug|Any CPU.Build.0 = Debug|Any CPU
		{8BDA011C-3DD8-4DE8-8E22-810F91AC3BD9}.Release|Any CPU.ActiveCfg = Release|Any CPU
		{8BDA011C-3DD8-4DE8-8E22-810F91AC3BD9}.Release|Any CPU.Build.0 = Release|Any CPU
		{59CF054C-B3FE-4866-B31D-9069A803CFF7}.Debug|Any CPU.ActiveCfg = Debug|Any CPU
		{59CF054C-B3FE-4866-B31D-9069A803CFF7}.Debug|Any CPU.Build.0 = Debug|Any CPU
		{59CF054C-B3FE-4866-B31D-9069A803CFF7}.Release|Any CPU.ActiveCfg = Release|Any CPU
		{59CF054C-B3FE-4866-B31D-9069A803CFF7}.Release|Any CPU.Build.0 = Release|Any CPU
	EndGlobalSection
	GlobalSection(SolutionProperties) = preSolution
		HideSolutionNode = FALSE
	EndGlobalSection
	GlobalSection(NestedProjects) = preSolution
		{B2A01107-1CC2-495D-98DE-8174158AAA89} = {1E0F60A3-714E-4348-A15D-80DA017C9639}
		{923B4943-BACE-4183-8537-ACADD7BD8C3B} = {0FA8A00D-4652-4C91-B0F6-546481AE0B20}
		{C5B6298D-7181-4CEA-BD89-8F61D5E449E1} = {47CD8193-8773-4854-B16C-35ADEF844D3E}
		{0AD5CDDD-BB1E-4D4F-9621-BF6D5F48E920} = {47CD8193-8773-4854-B16C-35ADEF844D3E}
		{8BDA011C-3DD8-4DE8-8E22-810F91AC3BD9} = {47CD8193-8773-4854-B16C-35ADEF844D3E}
		{59CF054C-B3FE-4866-B31D-9069A803CFF7} = {47CD8193-8773-4854-B16C-35ADEF844D3E}
	EndGlobalSection
	GlobalSection(ExtensibilityGlobals) = postSolution
		SolutionGuid = {6340613F-0DD5-4AFA-AE1A-9ED192B81810}
	EndGlobalSection
EndGlobal
