
Microsoft Visual Studio Solution File, Format Version 12.00
# Visual Studio Version 17
VisualStudioVersion = 17.8.34511.84
MinimumVisualStudioVersion = 10.0.40219.1
Project("{2150E333-8FDC-42A3-9474-1A3956D46DE8}") = "Libs", "Libs", "{47CD8193-8773-4854-B16C-35ADEF844D3E}"
EndProject
Project("{2150E333-8FDC-42A3-9474-1A3956D46DE8}") = "Apps", "Apps", "{1E0F60A3-714E-4348-A15D-80DA017C9639}"
EndProject
Project("{2150E333-8FDC-42A3-9474-1A3956D46DE8}") = "tailoring", "tailoring", "{0FA8A00D-4652-4C91-B0F6-546481AE0B20}"
EndProject
Project("{9A19103F-16F7-4668-BE54-9A1E7A4F7556}") = "WeatherTwentyOne", "tailoring\WeatherTwentyOne.csproj", "{923B4943-BACE-4183-8537-ACADD7BD8C3B}"
EndProject
Project("{2150E333-8FDC-42A3-9474-1A3956D46DE8}") = "NewFolder1", "NewFolder1", "{A1DD9B14-495E-4093-988C-010D6E3CDFA4}"
EndProject
Project("{9A19103F-16F7-4668-BE54-9A1E7A4F7556}") = "UIProviders", "Libs\UIProviders\UIProviders.csproj", "{C5B6298D-7181-4CEA-BD89-8F61D5E449E1}"
EndProject
Project("{9A19103F-16F7-4668-BE54-9A1E7A4F7556}") = "UIImplements", "Libs\UIImplements\UIImplements.csproj", "{59CF054C-B3FE-4866-B31D-9069A803CFF7}"
EndProject
Project("{9A19103F-16F7-4668-BE54-9A1E7A4F7556}") = "CoDXDesk", "Apps\CoDXDesk\CoDXDesk.csproj", "{18B89F9A-003F-4C08-AD23-DF432300CFB9}"
EndProject
Project("{2150E333-8FDC-42A3-9474-1A3956D46DE8}") = "UI", "UI", "{E7CCA308-7C98-41A4-8942-26210077D651}"
EndProject
Project("{FAE04EC0-301F-11D3-BF4B-00C04F79EFBC}") = "Test", "Test\Test.csproj", "{005C024F-B112-493A-B2DE-63D140C61F02}"
EndProject
Project("{9A19103F-16F7-4668-BE54-9A1E7A4F7556}") = "ConnectorModel", "Libs\ConnectorModel\ConnectorModel.csproj", "{E70A38E0-D06E-409E-9A4E-1FD4BC9FA63E}"
EndProject
Project("{9A19103F-16F7-4668-BE54-9A1E7A4F7556}") = "testlib", "libs\testlib\testlib.csproj", "{193E85EC-7539-4FD4-8230-E4328792E6FB}"
EndProject
Project("{FAE04EC0-301F-11D3-BF4B-00C04F79EFBC}") = "LongTest", "Apps\LongTest\LongTest.csproj", "{87DEC366-08AF-40FD-99E8-1DDBC2C09439}"
EndProject
Project("{9A19103F-16F7-4668-BE54-9A1E7A4F7556}") = "CodxClient", "CodxClient\CodxClient.csproj", "{00C9AF74-624E-43DB-A63D-BE7D27579F18}"
EndProject
Project("{9A19103F-16F7-4668-BE54-9A1E7A4F7556}") = "MauiApp1", "MauiApp1\MauiApp1.csproj", "{1C9B83EA-3890-469E-BA52-135BE6B89498}"
EndProject
Project("{FAE04EC0-301F-11D3-BF4B-00C04F79EFBC}") = "MauiApp2", "MauiApp2\MauiApp2.csproj", "{C3035FB5-A6D4-432E-9DDA-3758BDCA6D63}"
EndProject
Project("{FAE04EC0-301F-11D3-BF4B-00C04F79EFBC}") = "DeskCnn", "apps\DeskCnn\DeskCnn.csproj", "{EB4C9D24-194D-4C9B-81A3-675E6A70D209}"
EndProject
Global
	GlobalSection(SolutionConfigurationPlatforms) = preSolution
		Debug|Any CPU = Debug|Any CPU
		Release|Any CPU = Release|Any CPU
	EndGlobalSection
	GlobalSection(ProjectConfigurationPlatforms) = postSolution
		{923B4943-BACE-4183-8537-ACADD7BD8C3B}.Debug|Any CPU.ActiveCfg = Debug|Any CPU
		{923B4943-BACE-4183-8537-ACADD7BD8C3B}.Debug|Any CPU.Build.0 = Debug|Any CPU
		{923B4943-BACE-4183-8537-ACADD7BD8C3B}.Debug|Any CPU.Deploy.0 = Debug|Any CPU
		{923B4943-BACE-4183-8537-ACADD7BD8C3B}.Release|Any CPU.ActiveCfg = Release|Any CPU
		{923B4943-BACE-4183-8537-ACADD7BD8C3B}.Release|Any CPU.Build.0 = Release|Any CPU
		{923B4943-BACE-4183-8537-ACADD7BD8C3B}.Release|Any CPU.Deploy.0 = Release|Any CPU
		{C5B6298D-7181-4CEA-BD89-8F61D5E449E1}.Debug|Any CPU.ActiveCfg = Debug|Any CPU
		{C5B6298D-7181-4CEA-BD89-8F61D5E449E1}.Debug|Any CPU.Build.0 = Debug|Any CPU
		{C5B6298D-7181-4CEA-BD89-8F61D5E449E1}.Release|Any CPU.ActiveCfg = Release|Any CPU
		{C5B6298D-7181-4CEA-BD89-8F61D5E449E1}.Release|Any CPU.Build.0 = Release|Any CPU
		{59CF054C-B3FE-4866-B31D-9069A803CFF7}.Debug|Any CPU.ActiveCfg = Debug|Any CPU
		{59CF054C-B3FE-4866-B31D-9069A803CFF7}.Debug|Any CPU.Build.0 = Debug|Any CPU
		{59CF054C-B3FE-4866-B31D-9069A803CFF7}.Release|Any CPU.ActiveCfg = Release|Any CPU
		{59CF054C-B3FE-4866-B31D-9069A803CFF7}.Release|Any CPU.Build.0 = Release|Any CPU
		{18B89F9A-003F-4C08-AD23-DF432300CFB9}.Debug|Any CPU.ActiveCfg = Debug|Any CPU
		{18B89F9A-003F-4C08-AD23-DF432300CFB9}.Debug|Any CPU.Build.0 = Debug|Any CPU
		{18B89F9A-003F-4C08-AD23-DF432300CFB9}.Debug|Any CPU.Deploy.0 = Debug|Any CPU
		{18B89F9A-003F-4C08-AD23-DF432300CFB9}.Release|Any CPU.ActiveCfg = Release|Any CPU
		{18B89F9A-003F-4C08-AD23-DF432300CFB9}.Release|Any CPU.Build.0 = Release|Any CPU
		{18B89F9A-003F-4C08-AD23-DF432300CFB9}.Release|Any CPU.Deploy.0 = Release|Any CPU
		{005C024F-B112-493A-B2DE-63D140C61F02}.Debug|Any CPU.ActiveCfg = Debug|Any CPU
		{005C024F-B112-493A-B2DE-63D140C61F02}.Debug|Any CPU.Build.0 = Debug|Any CPU
		{005C024F-B112-493A-B2DE-63D140C61F02}.Release|Any CPU.ActiveCfg = Release|Any CPU
		{005C024F-B112-493A-B2DE-63D140C61F02}.Release|Any CPU.Build.0 = Release|Any CPU
		{E70A38E0-D06E-409E-9A4E-1FD4BC9FA63E}.Debug|Any CPU.ActiveCfg = Debug|Any CPU
		{E70A38E0-D06E-409E-9A4E-1FD4BC9FA63E}.Debug|Any CPU.Build.0 = Debug|Any CPU
		{E70A38E0-D06E-409E-9A4E-1FD4BC9FA63E}.Release|Any CPU.ActiveCfg = Release|Any CPU
		{E70A38E0-D06E-409E-9A4E-1FD4BC9FA63E}.Release|Any CPU.Build.0 = Release|Any CPU
		{193E85EC-7539-4FD4-8230-E4328792E6FB}.Debug|Any CPU.ActiveCfg = Debug|Any CPU
		{193E85EC-7539-4FD4-8230-E4328792E6FB}.Debug|Any CPU.Build.0 = Debug|Any CPU
		{193E85EC-7539-4FD4-8230-E4328792E6FB}.Release|Any CPU.ActiveCfg = Release|Any CPU
		{193E85EC-7539-4FD4-8230-E4328792E6FB}.Release|Any CPU.Build.0 = Release|Any CPU
		{87DEC366-08AF-40FD-99E8-1DDBC2C09439}.Debug|Any CPU.ActiveCfg = Debug|Any CPU
		{87DEC366-08AF-40FD-99E8-1DDBC2C09439}.Debug|Any CPU.Build.0 = Debug|Any CPU
		{87DEC366-08AF-40FD-99E8-1DDBC2C09439}.Debug|Any CPU.Deploy.0 = Debug|Any CPU
		{87DEC366-08AF-40FD-99E8-1DDBC2C09439}.Release|Any CPU.ActiveCfg = Release|Any CPU
		{87DEC366-08AF-40FD-99E8-1DDBC2C09439}.Release|Any CPU.Build.0 = Release|Any CPU
		{87DEC366-08AF-40FD-99E8-1DDBC2C09439}.Release|Any CPU.Deploy.0 = Release|Any CPU
		{00C9AF74-624E-43DB-A63D-BE7D27579F18}.Debug|Any CPU.ActiveCfg = Debug|Any CPU
		{00C9AF74-624E-43DB-A63D-BE7D27579F18}.Debug|Any CPU.Build.0 = Debug|Any CPU
		{00C9AF74-624E-43DB-A63D-BE7D27579F18}.Debug|Any CPU.Deploy.0 = Debug|Any CPU
		{00C9AF74-624E-43DB-A63D-BE7D27579F18}.Release|Any CPU.ActiveCfg = Release|Any CPU
		{00C9AF74-624E-43DB-A63D-BE7D27579F18}.Release|Any CPU.Build.0 = Release|Any CPU
		{00C9AF74-624E-43DB-A63D-BE7D27579F18}.Release|Any CPU.Deploy.0 = Release|Any CPU
		{1C9B83EA-3890-469E-BA52-135BE6B89498}.Debug|Any CPU.ActiveCfg = Debug|Any CPU
		{1C9B83EA-3890-469E-BA52-135BE6B89498}.Debug|Any CPU.Build.0 = Debug|Any CPU
		{1C9B83EA-3890-469E-BA52-135BE6B89498}.Debug|Any CPU.Deploy.0 = Debug|Any CPU
		{1C9B83EA-3890-469E-BA52-135BE6B89498}.Release|Any CPU.ActiveCfg = Release|Any CPU
		{1C9B83EA-3890-469E-BA52-135BE6B89498}.Release|Any CPU.Build.0 = Release|Any CPU
		{1C9B83EA-3890-469E-BA52-135BE6B89498}.Release|Any CPU.Deploy.0 = Release|Any CPU
		{C3035FB5-A6D4-432E-9DDA-3758BDCA6D63}.Debug|Any CPU.ActiveCfg = Debug|Any CPU
		{C3035FB5-A6D4-432E-9DDA-3758BDCA6D63}.Debug|Any CPU.Build.0 = Debug|Any CPU
		{C3035FB5-A6D4-432E-9DDA-3758BDCA6D63}.Debug|Any CPU.Deploy.0 = Debug|Any CPU
		{C3035FB5-A6D4-432E-9DDA-3758BDCA6D63}.Release|Any CPU.ActiveCfg = Release|Any CPU
		{C3035FB5-A6D4-432E-9DDA-3758BDCA6D63}.Release|Any CPU.Build.0 = Release|Any CPU
		{C3035FB5-A6D4-432E-9DDA-3758BDCA6D63}.Release|Any CPU.Deploy.0 = Release|Any CPU
		{EB4C9D24-194D-4C9B-81A3-675E6A70D209}.Debug|Any CPU.ActiveCfg = Debug|Any CPU
		{EB4C9D24-194D-4C9B-81A3-675E6A70D209}.Debug|Any CPU.Build.0 = Debug|Any CPU
		{EB4C9D24-194D-4C9B-81A3-675E6A70D209}.Debug|Any CPU.Deploy.0 = Debug|Any CPU
		{EB4C9D24-194D-4C9B-81A3-675E6A70D209}.Release|Any CPU.ActiveCfg = Release|Any CPU
		{EB4C9D24-194D-4C9B-81A3-675E6A70D209}.Release|Any CPU.Build.0 = Release|Any CPU
		{EB4C9D24-194D-4C9B-81A3-675E6A70D209}.Release|Any CPU.Deploy.0 = Release|Any CPU
	EndGlobalSection
	GlobalSection(SolutionProperties) = preSolution
		HideSolutionNode = FALSE
	EndGlobalSection
	GlobalSection(NestedProjects) = preSolution
		{923B4943-BACE-4183-8537-ACADD7BD8C3B} = {0FA8A00D-4652-4C91-B0F6-546481AE0B20}
		{C5B6298D-7181-4CEA-BD89-8F61D5E449E1} = {47CD8193-8773-4854-B16C-35ADEF844D3E}
		{59CF054C-B3FE-4866-B31D-9069A803CFF7} = {47CD8193-8773-4854-B16C-35ADEF844D3E}
		{18B89F9A-003F-4C08-AD23-DF432300CFB9} = {1E0F60A3-714E-4348-A15D-80DA017C9639}
		{E70A38E0-D06E-409E-9A4E-1FD4BC9FA63E} = {47CD8193-8773-4854-B16C-35ADEF844D3E}
		{193E85EC-7539-4FD4-8230-E4328792E6FB} = {47CD8193-8773-4854-B16C-35ADEF844D3E}
		{87DEC366-08AF-40FD-99E8-1DDBC2C09439} = {1E0F60A3-714E-4348-A15D-80DA017C9639}
		{00C9AF74-624E-43DB-A63D-BE7D27579F18} = {1E0F60A3-714E-4348-A15D-80DA017C9639}
		{1C9B83EA-3890-469E-BA52-135BE6B89498} = {1E0F60A3-714E-4348-A15D-80DA017C9639}
		{C3035FB5-A6D4-432E-9DDA-3758BDCA6D63} = {1E0F60A3-714E-4348-A15D-80DA017C9639}
		{EB4C9D24-194D-4C9B-81A3-675E6A70D209} = {1E0F60A3-714E-4348-A15D-80DA017C9639}
	EndGlobalSection
	GlobalSection(ExtensibilityGlobals) = postSolution
		SolutionGuid = {6340613F-0DD5-4AFA-AE1A-9ED192B81810}
	EndGlobalSection
EndGlobal
