
Microsoft Visual Studio Solution File, Format Version 12.00
# Visual Studio Version 17
VisualStudioVersion = 17.8.34511.84
MinimumVisualStudioVersion = 10.0.40219.1
Project("{2150E333-8FDC-42A3-9474-1A3956D46DE8}") = "Libs", "Libs", "{47CD8193-8773-4854-B16C-35ADEF844D3E}"
EndProject
Project("{2150E333-8FDC-42A3-9474-1A3956D46DE8}") = "Apps", "Apps", "{1E0F60A3-714E-4348-A15D-80DA017C9639}"
EndProject
Project("{2150E333-8FDC-42A3-9474-1A3956D46DE8}") = "tailoring", "tailoring", "{0FA8A00D-4652-4C91-B0F6-546481AE0B20}"
EndProject
Project("{9A19103F-16F7-4668-BE54-9A1E7A4F7556}") = "WeatherTwentyOne", "tailoring\WeatherTwentyOne.csproj", "{923B4943-BACE-4183-8537-ACADD7BD8C3B}"
EndProject
Project("{2150E333-8FDC-42A3-9474-1A3956D46DE8}") = "NewFolder1", "NewFolder1", "{A1DD9B14-495E-4093-988C-010D6E3CDFA4}"
EndProject
Project("{9A19103F-16F7-4668-BE54-9A1E7A4F7556}") = "UIProviders", "Libs\UIProviders\UIProviders.csproj", "{C5B6298D-7181-4CEA-BD89-8F61D5E449E1}"
EndProject
Project("{FAE04EC0-301F-11D3-BF4B-00C04F79EFBC}") = "UIImplements", "Libs\UIImplements\UIImplements.csproj", "{59CF054C-B3FE-4866-B31D-9069A803CFF7}"
EndProject
Global
	GlobalSection(SolutionConfigurationPlatforms) = preSolution
		Debug|Any CPU = Debug|Any CPU
		Release|Any CPU = Release|Any CPU
	EndGlobalSection
	GlobalSection(ProjectConfigurationPlatforms) = postSolution
		{923B4943-BACE-4183-8537-ACADD7BD8C3B}.Debug|Any CPU.ActiveCfg = Debug|Any CPU
		{923B4943-BACE-4183-8537-ACADD7BD8C3B}.Debug|Any CPU.Build.0 = Debug|Any CPU
		{923B4943-BACE-4183-8537-ACADD7BD8C3B}.Debug|Any CPU.Deploy.0 = Debug|Any CPU
		{923B4943-BACE-4183-8537-ACADD7BD8C3B}.Release|Any CPU.ActiveCfg = Release|Any CPU
		{923B4943-BACE-4183-8537-ACADD7BD8C3B}.Release|Any CPU.Build.0 = Release|Any CPU
		{923B4943-BACE-4183-8537-ACADD7BD8C3B}.Release|Any CPU.Deploy.0 = Release|Any CPU
		{C5B6298D-7181-4CEA-BD89-8F61D5E449E1}.Debug|Any CPU.ActiveCfg = Debug|Any CPU
		{C5B6298D-7181-4CEA-BD89-8F61D5E449E1}.Debug|Any CPU.Build.0 = Debug|Any CPU
		{C5B6298D-7181-4CEA-BD89-8F61D5E449E1}.Release|Any CPU.ActiveCfg = Release|Any CPU
		{C5B6298D-7181-4CEA-BD89-8F61D5E449E1}.Release|Any CPU.Build.0 = Release|Any CPU
		{59CF054C-B3FE-4866-B31D-9069A803CFF7}.Debug|Any CPU.ActiveCfg = Debug|Any CPU
		{59CF054C-B3FE-4866-B31D-9069A803CFF7}.Debug|Any CPU.Build.0 = Debug|Any CPU
		{59CF054C-B3FE-4866-B31D-9069A803CFF7}.Release|Any CPU.ActiveCfg = Release|Any CPU
		{59CF054C-B3FE-4866-B31D-9069A803CFF7}.Release|Any CPU.Build.0 = Release|Any CPU
	EndGlobalSection
	GlobalSection(SolutionProperties) = preSolution
		HideSolutionNode = FALSE
	EndGlobalSection
	GlobalSection(NestedProjects) = preSolution
		{923B4943-BACE-4183-8537-ACADD7BD8C3B} = {0FA8A00D-4652-4C91-B0F6-546481AE0B20}
		{C5B6298D-7181-4CEA-BD89-8F61D5E449E1} = {47CD8193-8773-4854-B16C-35ADEF844D3E}
		{59CF054C-B3FE-4866-B31D-9069A803CFF7} = {47CD8193-8773-4854-B16C-35ADEF844D3E}
	EndGlobalSection
	GlobalSection(ExtensibilityGlobals) = postSolution
		SolutionGuid = {6340613F-0DD5-4AFA-AE1A-9ED192B81810}
	EndGlobalSection
EndGlobal
